{
  "name": "boring-editor",
  "version": "2.2.8",
  "lockfileVersion": 1,
  "requires": true,
  "dependencies": {
    "@r.phuwanat/minbootstrap": {
      "version": "1.6.0",
      "resolved": "https://registry.npmjs.org/@r.phuwanat/minbootstrap/-/minbootstrap-1.6.0.tgz",
      "integrity": "sha512-v5y5KnnEJc0TDC+mrxmjr9gj5ycGr8N+kYLeKr1KkjMaZZTfdhgwrq3aR0HB1VwpSmn+AwNZcIA3WMQ5fRL/rg=="
    },
    "file-icons-js": {
      "version": "github:websemantics/file-icons-js#d2e63ffb95e410e2d8f545956df8d0d691a1488d",
      "from": "github:websemantics/file-icons-js"
    }
  }
}
