{
  "requires": true,
  "lockfileVersion": 1,
  "dependencies": {
    "@r.phuwanat/minbootstrap": {
      "version": "1.4.2",
      "resolved": "https://registry.npmjs.org/@r.phuwanat/minbootstrap/-/minbootstrap-1.4.2.tgz",
      "integrity": "sha512-OwETpiP3ydl4TJ7Gmo2IqTeKIVCDtKfi/7vAUXZrIbHBlH0gtoSJ2LrnBeVz6JQ0g/scTeygPvuiv/Ti9OTyEQ=="
    }
  },
  "version": "1.0.3"
}
