{
  "requires": true,
  "lockfileVersion": 1,
  "dependencies": {
    "@r.phuwanat/minbootstrap": {
      "version": "1.4.1",
      "resolved": "https://registry.npmjs.org/@r.phuwanat/minbootstrap/-/minbootstrap-1.4.1.tgz",
      "integrity": "sha512-hL8QBQRrvbqNY5O1rZqYgTyiXND0XBidHi6/kzx5fF2jY/Y/pAMDUYH1LXothfKh0ieJ+uuGjjeLCVphHGUrMw=="
    }
  }
}
